
Microsoft Visual Studio Solution File, Format Version 12.00
# Visual Studio Version 17
VisualStudioVersion = 17.14.36414.22 d17.14
MinimumVisualStudioVersion = 10.0.40219.1
Project("{FAE04EC0-301F-11D3-BF4B-00C04F79EFBC}") = "EmployeeAdminPortal", "EmployeeAdminPortal.csproj", "{48F8E6D3-4B01-4449-8BED-894FC7E7B926}"
EndProject
Global
	GlobalSection(SolutionConfigurationPlatforms) = preSolution
		Debug|Any CPU = Debug|Any CPU
		Release|Any CPU = Release|Any CPU
	EndGlobalSection
	GlobalSection(ProjectConfigurationPlatforms) = postSolution
		{48F8E6D3-4B01-4449-8BED-894FC7E7B926}.Debug|Any CPU.ActiveCfg = Debug|Any CPU
		{48F8E6D3-4B01-4449-8BED-894FC7E7B926}.Debug|Any CPU.Build.0 = Debug|Any CPU
		{48F8E6D3-4B01-4449-8BED-894FC7E7B926}.Release|Any CPU.ActiveCfg = Release|Any CPU
		{48F8E6D3-4B01-4449-8BED-894FC7E7B926}.Release|Any CPU.Build.0 = Release|Any CPU
	EndGlobalSection
	GlobalSection(SolutionProperties) = preSolution
		HideSolutionNode = FALSE
	EndGlobalSection
	GlobalSection(ExtensibilityGlobals) = postSolution
		SolutionGuid = {CC6B94AE-3FFD-441F-951B-5C42BD92F750}
	EndGlobalSection
EndGlobal
