
Microsoft Visual Studio Solution File, Format Version 12.00
# Visual Studio Version 17
VisualStudioVersion = 17.14.36414.22 d17.14
MinimumVisualStudioVersion = 10.0.40219.1
Project("{FAE04EC0-301F-11D3-BF4B-00C04F79EFBC}") = "StudentBackend", "StudentBackend.csproj", "{CF097DC3-8A0E-4A93-AC56-434B8B1BC0AE}"
EndProject
Global
	GlobalSection(SolutionConfigurationPlatforms) = preSolution
		Debug|Any CPU = Debug|Any CPU
		Release|Any CPU = Release|Any CPU
	EndGlobalSection
	GlobalSection(ProjectConfigurationPlatforms) = postSolution
		{CF097DC3-8A0E-4A93-AC56-434B8B1BC0AE}.Debug|Any CPU.ActiveCfg = Debug|Any CPU
		{CF097DC3-8A0E-4A93-AC56-434B8B1BC0AE}.Debug|Any CPU.Build.0 = Debug|Any CPU
		{CF097DC3-8A0E-4A93-AC56-434B8B1BC0AE}.Release|Any CPU.ActiveCfg = Release|Any CPU
		{CF097DC3-8A0E-4A93-AC56-434B8B1BC0AE}.Release|Any CPU.Build.0 = Release|Any CPU
	EndGlobalSection
	GlobalSection(SolutionProperties) = preSolution
		HideSolutionNode = FALSE
	EndGlobalSection
	GlobalSection(ExtensibilityGlobals) = postSolution
		SolutionGuid = {F32435CD-1280-4384-A471-676C4C958AE3}
	EndGlobalSection
EndGlobal
