
Microsoft Visual Studio Solution File, Format Version 12.00
# Visual Studio Version 17
VisualStudioVersion = 17.14.36414.22 d17.14
MinimumVisualStudioVersion = 10.0.40219.1
Project("{FAE04EC0-301F-11D3-BF4B-00C04F79EFBC}") = "TaskManagement", "TaskManagement.csproj", "{B5074783-F17F-4FC0-999A-BF6E2024AE6E}"
EndProject
Global
	GlobalSection(SolutionConfigurationPlatforms) = preSolution
		Debug|Any CPU = Debug|Any CPU
		Release|Any CPU = Release|Any CPU
	EndGlobalSection
	GlobalSection(ProjectConfigurationPlatforms) = postSolution
		{B5074783-F17F-4FC0-999A-BF6E2024AE6E}.Debug|Any CPU.ActiveCfg = Debug|Any CPU
		{B5074783-F17F-4FC0-999A-BF6E2024AE6E}.Debug|Any CPU.Build.0 = Debug|Any CPU
		{B5074783-F17F-4FC0-999A-BF6E2024AE6E}.Release|Any CPU.ActiveCfg = Release|Any CPU
		{B5074783-F17F-4FC0-999A-BF6E2024AE6E}.Release|Any CPU.Build.0 = Release|Any CPU
	EndGlobalSection
	GlobalSection(SolutionProperties) = preSolution
		HideSolutionNode = FALSE
	EndGlobalSection
	GlobalSection(ExtensibilityGlobals) = postSolution
		SolutionGuid = {88525115-2028-42E6-AEF8-0B25AFDD8ABF}
	EndGlobalSection
EndGlobal
